
Microsoft Visual Studio Solution File, Format Version 12.00
# Visual Studio 15
VisualStudioVersion = 15.0.28307.168
MinimumVisualStudioVersion = 10.0.40219.1
Project("{FAE04EC0-301F-11D3-BF4B-00C04F79EFBC}") = "Estimating Tool", "Project\Estimating Tool.csproj", "{94BB8D0A-CD74-4F95-BB98-C64E4E9FC9D7}"
EndProject
Global
	GlobalSection(SolutionConfigurationPlatforms) = preSolution
		Debug|Any CPU = Debug|Any CPU
		Release|Any CPU = Release|Any CPU
	EndGlobalSection
	GlobalSection(ProjectConfigurationPlatforms) = postSolution
		{94BB8D0A-CD74-4F95-BB98-C64E4E9FC9D7}.Debug|Any CPU.ActiveCfg = Debug|Any CPU
		{94BB8D0A-CD74-4F95-BB98-C64E4E9FC9D7}.Debug|Any CPU.Build.0 = Debug|Any CPU
		{94BB8D0A-CD74-4F95-BB98-C64E4E9FC9D7}.Release|Any CPU.ActiveCfg = Release|Any CPU
		{94BB8D0A-CD74-4F95-BB98-C64E4E9FC9D7}.Release|Any CPU.Build.0 = Release|Any CPU
	EndGlobalSection
	GlobalSection(SolutionProperties) = preSolution
		HideSolutionNode = FALSE
	EndGlobalSection
	GlobalSection(ExtensibilityGlobals) = postSolution
		SolutionGuid = {8545E155-9DE3-47A5-A3A1-7352553701DC}
	EndGlobalSection
EndGlobal
